
Microsoft Visual Studio Solution File, Format Version 12.00
# Visual Studio Version 17
VisualStudioVersion = 17.5.33516.290
MinimumVisualStudioVersion = 10.0.40219.1
Project("{FAE04EC0-301F-11D3-BF4B-00C04F79EFBC}") = "DataHandler", "DataHandler\DataHandler.csproj", "{967C335D-E168-4AD1-A9F2-2458EB6A13E2}"
EndProject
Global
	GlobalSection(SolutionConfigurationPlatforms) = preSolution
		Debug|Any CPU = Debug|Any CPU
		Release|Any CPU = Release|Any CPU
	EndGlobalSection
	GlobalSection(ProjectConfigurationPlatforms) = postSolution
		{967C335D-E168-4AD1-A9F2-2458EB6A13E2}.Debug|Any CPU.ActiveCfg = Debug|Any CPU
		{967C335D-E168-4AD1-A9F2-2458EB6A13E2}.Debug|Any CPU.Build.0 = Debug|Any CPU
		{967C335D-E168-4AD1-A9F2-2458EB6A13E2}.Release|Any CPU.ActiveCfg = Release|Any CPU
		{967C335D-E168-4AD1-A9F2-2458EB6A13E2}.Release|Any CPU.Build.0 = Release|Any CPU
	EndGlobalSection
	GlobalSection(SolutionProperties) = preSolution
		HideSolutionNode = FALSE
	EndGlobalSection
	GlobalSection(ExtensibilityGlobals) = postSolution
		SolutionGuid = {377ACD60-1FBC-4B88-B84C-2A7FFA284369}
	EndGlobalSection
EndGlobal
